
Microsoft Visual Studio Solution File, Format Version 12.00
# Visual Studio Version 17
VisualStudioVersion = 17.6.33829.357
MinimumVisualStudioVersion = 10.0.40219.1
Project("{FAE04EC0-301F-11D3-BF4B-00C04F79EFBC}") = "PackIT.Api", "PackIT.Api\PackIT.Api.csproj", "{AB8BBC05-5627-4749-9DAE-73662B7985B2}"
EndProject
Project("{FAE04EC0-301F-11D3-BF4B-00C04F79EFBC}") = "PackIT.Application", "PackIT.Application\PackIT.Application.csproj", "{E6E3AD41-B223-493A-8FD1-01B0E9270212}"
EndProject
Project("{FAE04EC0-301F-11D3-BF4B-00C04F79EFBC}") = "PackIT.Domain", "PackIT.Domain\PackIT.Domain.csproj", "{10D60C67-EBF3-493F-916A-5041420BDF1F}"
EndProject
Project("{FAE04EC0-301F-11D3-BF4B-00C04F79EFBC}") = "PackIT.Infrastructure", "PackIT.Infrastructure\PackIT.Infrastructure.csproj", "{8551B41F-DB45-4FA7-A129-9C2D9238757F}"
EndProject
Project("{FAE04EC0-301F-11D3-BF4B-00C04F79EFBC}") = "PackIT.Shared", "PackIT.Shared\PackIT.Shared.csproj", "{6B6AF166-DBF4-485E-9CA1-10FE1DF42872}"
EndProject
Project("{FAE04EC0-301F-11D3-BF4B-00C04F79EFBC}") = "PackIT.Shared.Abstractions", "PackIT.Shared.Abstractions\PackIT.Shared.Abstractions.csproj", "{68F84A0A-BF8E-4CC2-8836-ACA7DCDC892B}"
EndProject
Project("{2150E333-8FDC-42A3-9474-1A3956D46DE8}") = "Shared", "Shared", "{F4D00781-144C-49D4-9E1C-3C9B926EE057}"
EndProject
Project("{2150E333-8FDC-42A3-9474-1A3956D46DE8}") = "src", "src", "{7C8ED4F7-3B51-4540-8688-958E8F93696C}"
EndProject
Global
	GlobalSection(SolutionConfigurationPlatforms) = preSolution
		Debug|Any CPU = Debug|Any CPU
		Release|Any CPU = Release|Any CPU
	EndGlobalSection
	GlobalSection(ProjectConfigurationPlatforms) = postSolution
		{AB8BBC05-5627-4749-9DAE-73662B7985B2}.Debug|Any CPU.ActiveCfg = Debug|Any CPU
		{AB8BBC05-5627-4749-9DAE-73662B7985B2}.Debug|Any CPU.Build.0 = Debug|Any CPU
		{AB8BBC05-5627-4749-9DAE-73662B7985B2}.Release|Any CPU.ActiveCfg = Release|Any CPU
		{AB8BBC05-5627-4749-9DAE-73662B7985B2}.Release|Any CPU.Build.0 = Release|Any CPU
		{E6E3AD41-B223-493A-8FD1-01B0E9270212}.Debug|Any CPU.ActiveCfg = Debug|Any CPU
		{E6E3AD41-B223-493A-8FD1-01B0E9270212}.Debug|Any CPU.Build.0 = Debug|Any CPU
		{E6E3AD41-B223-493A-8FD1-01B0E9270212}.Release|Any CPU.ActiveCfg = Release|Any CPU
		{E6E3AD41-B223-493A-8FD1-01B0E9270212}.Release|Any CPU.Build.0 = Release|Any CPU
		{10D60C67-EBF3-493F-916A-5041420BDF1F}.Debug|Any CPU.ActiveCfg = Debug|Any CPU
		{10D60C67-EBF3-493F-916A-5041420BDF1F}.Debug|Any CPU.Build.0 = Debug|Any CPU
		{10D60C67-EBF3-493F-916A-5041420BDF1F}.Release|Any CPU.ActiveCfg = Release|Any CPU
		{10D60C67-EBF3-493F-916A-5041420BDF1F}.Release|Any CPU.Build.0 = Release|Any CPU
		{8551B41F-DB45-4FA7-A129-9C2D9238757F}.Debug|Any CPU.ActiveCfg = Debug|Any CPU
		{8551B41F-DB45-4FA7-A129-9C2D9238757F}.Debug|Any CPU.Build.0 = Debug|Any CPU
		{8551B41F-DB45-4FA7-A129-9C2D9238757F}.Release|Any CPU.ActiveCfg = Release|Any CPU
		{8551B41F-DB45-4FA7-A129-9C2D9238757F}.Release|Any CPU.Build.0 = Release|Any CPU
		{6B6AF166-DBF4-485E-9CA1-10FE1DF42872}.Debug|Any CPU.ActiveCfg = Debug|Any CPU
		{6B6AF166-DBF4-485E-9CA1-10FE1DF42872}.Debug|Any CPU.Build.0 = Debug|Any CPU
		{6B6AF166-DBF4-485E-9CA1-10FE1DF42872}.Release|Any CPU.ActiveCfg = Release|Any CPU
		{6B6AF166-DBF4-485E-9CA1-10FE1DF42872}.Release|Any CPU.Build.0 = Release|Any CPU
		{68F84A0A-BF8E-4CC2-8836-ACA7DCDC892B}.Debug|Any CPU.ActiveCfg = Debug|Any CPU
		{68F84A0A-BF8E-4CC2-8836-ACA7DCDC892B}.Debug|Any CPU.Build.0 = Debug|Any CPU
		{68F84A0A-BF8E-4CC2-8836-ACA7DCDC892B}.Release|Any CPU.ActiveCfg = Release|Any CPU
		{68F84A0A-BF8E-4CC2-8836-ACA7DCDC892B}.Release|Any CPU.Build.0 = Release|Any CPU
	EndGlobalSection
	GlobalSection(SolutionProperties) = preSolution
		HideSolutionNode = FALSE
	EndGlobalSection
	GlobalSection(NestedProjects) = preSolution
		{AB8BBC05-5627-4749-9DAE-73662B7985B2} = {7C8ED4F7-3B51-4540-8688-958E8F93696C}
		{E6E3AD41-B223-493A-8FD1-01B0E9270212} = {7C8ED4F7-3B51-4540-8688-958E8F93696C}
		{10D60C67-EBF3-493F-916A-5041420BDF1F} = {7C8ED4F7-3B51-4540-8688-958E8F93696C}
		{8551B41F-DB45-4FA7-A129-9C2D9238757F} = {7C8ED4F7-3B51-4540-8688-958E8F93696C}
		{6B6AF166-DBF4-485E-9CA1-10FE1DF42872} = {F4D00781-144C-49D4-9E1C-3C9B926EE057}
		{68F84A0A-BF8E-4CC2-8836-ACA7DCDC892B} = {F4D00781-144C-49D4-9E1C-3C9B926EE057}
		{F4D00781-144C-49D4-9E1C-3C9B926EE057} = {7C8ED4F7-3B51-4540-8688-958E8F93696C}
	EndGlobalSection
	GlobalSection(ExtensibilityGlobals) = postSolution
		SolutionGuid = {FEB96DA5-07FB-49BC-BB21-60AFFB5E8080}
	EndGlobalSection
EndGlobal
